<Solution>
  <Folder Name="/Solution Items/">
    <File Path="docs/index.md" />
    <File Path="docs/privacy-policy.md" />
    <File Path="docs/terms-of-service.md" />
  </Folder>
  <Folder Name="/src/">
    <Project Path="src/PiccoloReader.Core/PiccoloReader.Core.csproj" />
    <Project Path="src/PiccoloReader/PiccoloReader.csproj">
      <Deploy Solution="Debug|*" />
    </Project>
  </Folder>
  <Folder Name="/tests/">
    <Project Path="tests/PiccoloReader.Core.Tests/PiccoloReader.Core.Tests.csproj" />
  </Folder>
</Solution>
